// !$*UTF8*$!
{
	archiveVersion = 1;
	classes = {
	};
	objectVersion = 50;
	objects = {

/* Begin PBXBuildFile section */
		BD87DDD1244DCCDD007222E4 /* Detail.swift in Sources */ = {isa = PBXBuildFile; fileRef = BD87DDD0244DCCDD007222E4 /* Detail.swift */; };
		BDEDA2B8244BF40C002EADD8 /* AppDelegate.swift in Sources */ = {isa = PBXBuildFile; fileRef = BDEDA2B7244BF40C002EADD8 /* AppDelegate.swift */; };
		BDEDA2BA244BF40C002EADD8 /* SceneDelegate.swift in Sources */ = {isa = PBXBuildFile; fileRef = BDEDA2B9244BF40C002EADD8 /* SceneDelegate.swift */; };
		BDEDA2BC244BF40C002EADD8 /* ContentView.swift in Sources */ = {isa = PBXBuildFile; fileRef = BDEDA2BB244BF40C002EADD8 /* ContentView.swift */; };
		BDEDA2BE244BF40D002EADD8 /* Assets.xcassets in Resources */ = {isa = PBXBuildFile; fileRef = BDEDA2BD244BF40D002EADD8 /* Assets.xcassets */; };
		BDEDA2C1244BF40D002EADD8 /* Preview Assets.xcassets in Resources */ = {isa = PBXBuildFile; fileRef = BDEDA2C0244BF40D002EADD8 /* Preview Assets.xcassets */; };
		BDEDA2C4244BF40D002EADD8 /* LaunchScreen.storyboard in Resources */ = {isa = PBXBuildFile; fileRef = BDEDA2C2244BF40D002EADD8 /* LaunchScreen.storyboard */; };
		BDEDA2CC244C3F63002EADD8 /* MovieCell.swift in Sources */ = {isa = PBXBuildFile; fileRef = BDEDA2CB244C3F63002EADD8 /* MovieCell.swift */; };
		BDEDA2CF244C42CF002EADD8 /* HomeViewModel.swift in Sources */ = {isa = PBXBuildFile; fileRef = BDEDA2CE244C42CF002EADD8 /* HomeViewModel.swift */; };
/* End PBXBuildFile section */

/* Begin PBXFileReference section */
		BD87DDD0244DCCDD007222E4 /* Detail.swift */ = {isa = PBXFileReference; lastKnownFileType = sourcecode.swift; path = Detail.swift; sourceTree = "<group>"; };
		BDEDA2B4244BF40C002EADD8 /* YusMuvis.app */ = {isa = PBXFileReference; explicitFileType = wrapper.application; includeInIndex = 0; path = YusMuvis.app; sourceTree = BUILT_PRODUCTS_DIR; };
		BDEDA2B7244BF40C002EADD8 /* AppDelegate.swift */ = {isa = PBXFileReference; lastKnownFileType = sourcecode.swift; path = AppDelegate.swift; sourceTree = "<group>"; };
		BDEDA2B9244BF40C002EADD8 /* SceneDelegate.swift */ = {isa = PBXFileReference; lastKnownFileType = sourcecode.swift; path = SceneDelegate.swift; sourceTree = "<group>"; };
		BDEDA2BB244BF40C002EADD8 /* ContentView.swift */ = {isa = PBXFileReference; lastKnownFileType = sourcecode.swift; path = ContentView.swift; sourceTree = "<group>"; };
		BDEDA2BD244BF40D002EADD8 /* Assets.xcassets */ = {isa = PBXFileReference; lastKnownFileType = folder.assetcatalog; path = Assets.xcassets; sourceTree = "<group>"; };
		BDEDA2C0244BF40D002EADD8 /* Preview Assets.xcassets */ = {isa = PBXFileReference; lastKnownFileType = folder.assetcatalog; path = "Preview Assets.xcassets"; sourceTree = "<group>"; };
		BDEDA2C3244BF40D002EADD8 /* Base */ = {isa = PBXFileReference; lastKnownFileType = file.storyboard; name = Base; path = Base.lproj/LaunchScreen.storyboard; sourceTree = "<group>"; };
		BDEDA2C5244BF40D002EADD8 /* Info.plist */ = {isa = PBXFileReference; lastKnownFileType = text.plist.xml; path = Info.plist; sourceTree = "<group>"; };
		BDEDA2CB244C3F63002EADD8 /* MovieCell.swift */ = {isa = PBXFileReference; lastKnownFileType = sourcecode.swift; path = MovieCell.swift; sourceTree = "<group>"; };
		BDEDA2CE244C42CF002EADD8 /* HomeViewModel.swift */ = {isa = PBXFileReference; lastKnownFileType = sourcecode.swift; path = HomeViewModel.swift; sourceTree = "<group>"; };
/* End PBXFileReference section */

/* Begin PBXFrameworksBuildPhase section */
		BDEDA2B1244BF40C002EADD8 /* Frameworks */ = {
			isa = PBXFrameworksBuildPhase;
			buildActionMask = 2147483647;
			files = (
			);
			runOnlyForDeploymentPostprocessing = 0;
		};
/* End PBXFrameworksBuildPhase section */

/* Begin PBXGroup section */
		BD87DDCF244DCC4C007222E4 /* Detail */ = {
			isa = PBXGroup;
			children = (
				BD87DDD0244DCCDD007222E4 /* Detail.swift */,
			);
			path = Detail;
			sourceTree = "<group>";
		};
		BDEDA2AB244BF40C002EADD8 = {
			isa = PBXGroup;
			children = (
				BDEDA2B6244BF40C002EADD8 /* YusMuvis */,
				BDEDA2B5244BF40C002EADD8 /* Products */,
			);
			sourceTree = "<group>";
		};
		BDEDA2B5244BF40C002EADD8 /* Products */ = {
			isa = PBXGroup;
			children = (
				BDEDA2B4244BF40C002EADD8 /* YusMuvis.app */,
			);
			name = Products;
			sourceTree = "<group>";
		};
		BDEDA2B6244BF40C002EADD8 /* YusMuvis */ = {
			isa = PBXGroup;
			children = (
				BDEDA2B7244BF40C002EADD8 /* AppDelegate.swift */,
				BDEDA2B9244BF40C002EADD8 /* SceneDelegate.swift */,
				BDEDA2BB244BF40C002EADD8 /* ContentView.swift */,
				BDEDA2CD244C3FD5002EADD8 /* Home */,
				BD87DDCF244DCC4C007222E4 /* Detail */,
				BDEDA2BD244BF40D002EADD8 /* Assets.xcassets */,
				BDEDA2C2244BF40D002EADD8 /* LaunchScreen.storyboard */,
				BDEDA2C5244BF40D002EADD8 /* Info.plist */,
				BDEDA2BF244BF40D002EADD8 /* Preview Content */,
			);
			path = YusMuvis;
			sourceTree = "<group>";
		};
		BDEDA2BF244BF40D002EADD8 /* Preview Content */ = {
			isa = PBXGroup;
			children = (
				BDEDA2C0244BF40D002EADD8 /* Preview Assets.xcassets */,
			);
			path = "Preview Content";
			sourceTree = "<group>";
		};
		BDEDA2CD244C3FD5002EADD8 /* Home */ = {
			isa = PBXGroup;
			children = (
				BDEDA2CB244C3F63002EADD8 /* MovieCell.swift */,
				BDEDA2CE244C42CF002EADD8 /* HomeViewModel.swift */,
			);
			path = Home;
			sourceTree = "<group>";
		};
/* End PBXGroup section */

/* Begin PBXNativeTarget section */
		BDEDA2B3244BF40C002EADD8 /* YusMuvis */ = {
			isa = PBXNativeTarget;
			buildConfigurationList = BDEDA2C8244BF40D002EADD8 /* Build configuration list for PBXNativeTarget "YusMuvis" */;
			buildPhases = (
				BDEDA2B0244BF40C002EADD8 /* Sources */,
				BDEDA2B1244BF40C002EADD8 /* Frameworks */,
				BDEDA2B2244BF40C002EADD8 /* Resources */,
			);
			buildRules = (
			);
			dependencies = (
			);
			name = YusMuvis;
			productName = YusMuvis;
			productReference = BDEDA2B4244BF40C002EADD8 /* YusMuvis.app */;
			productType = "com.apple.product-type.application";
		};
/* End PBXNativeTarget section */

/* Begin PBXProject section */
		BDEDA2AC244BF40C002EADD8 /* Project object */ = {
			isa = PBXProject;
			attributes = {
				LastSwiftUpdateCheck = 1130;
				LastUpgradeCheck = 1130;
				ORGANIZATIONNAME = "Wisnu Sanjaya";
				TargetAttributes = {
					BDEDA2B3244BF40C002EADD8 = {
						CreatedOnToolsVersion = 11.3.1;
					};
				};
			};
			buildConfigurationList = BDEDA2AF244BF40C002EADD8 /* Build configuration list for PBXProject "YusMuvis" */;
			compatibilityVersion = "Xcode 9.3";
			developmentRegion = en;
			hasScannedForEncodings = 0;
			knownRegions = (
				en,
				Base,
			);
			mainGroup = BDEDA2AB244BF40C002EADD8;
			productRefGroup = BDEDA2B5244BF40C002EADD8 /* Products */;
			projectDirPath = "";
			projectRoot = "";
			targets = (
				BDEDA2B3244BF40C002EADD8 /* YusMuvis */,
			);
		};
/* End PBXProject section */

/* Begin PBXResourcesBuildPhase section */
		BDEDA2B2244BF40C002EADD8 /* Resources */ = {
			isa = PBXResourcesBuildPhase;
			buildActionMask = 2147483647;
			files = (
				BDEDA2C4244BF40D002EADD8 /* LaunchScreen.storyboard in Resources */,
				BDEDA2C1244BF40D002EADD8 /* Preview Assets.xcassets in Resources */,
				BDEDA2BE244BF40D002EADD8 /* Assets.xcassets in Resources */,
			);
			runOnlyForDeploymentPostprocessing = 0;
		};
/* End PBXResourcesBuildPhase section */

/* Begin PBXSourcesBuildPhase section */
		BDEDA2B0244BF40C002EADD8 /* Sources */ = {
			isa = PBXSourcesBuildPhase;
			buildActionMask = 2147483647;
			files = (
				BDEDA2B8244BF40C002EADD8 /* AppDelegate.swift in Sources */,
				BDEDA2BA244BF40C002EADD8 /* SceneDelegate.swift in Sources */,
				BD87DDD1244DCCDD007222E4 /* Detail.swift in Sources */,
				BDEDA2CC244C3F63002EADD8 /* MovieCell.swift in Sources */,
				BDEDA2CF244C42CF002EADD8 /* HomeViewModel.swift in Sources */,
				BDEDA2BC244BF40C002EADD8 /* ContentView.swift in Sources */,
			);
			runOnlyForDeploymentPostprocessing = 0;
		};
/* End PBXSourcesBuildPhase section */

/* Begin PBXVariantGroup section */
		BDEDA2C2244BF40D002EADD8 /* LaunchScreen.storyboard */ = {
			isa = PBXVariantGroup;
			children = (
				BDEDA2C3244BF40D002EADD8 /* Base */,
			);
			name = LaunchScreen.storyboard;
			sourceTree = "<group>";
		};
/* End PBXVariantGroup section */

/* Begin XCBuildConfiguration section */
		BDEDA2C6244BF40D002EADD8 /* Debug */ = {
			isa = XCBuildConfiguration;
			buildSettings = {
				ALWAYS_SEARCH_USER_PATHS = NO;
				CLANG_ANALYZER_NONNULL = YES;
				CLANG_ANALYZER_NUMBER_OBJECT_CONVERSION = YES_AGGRESSIVE;
				CLANG_CXX_LANGUAGE_STANDARD = "gnu++14";
				CLANG_CXX_LIBRARY = "libc++";
				CLANG_ENABLE_MODULES = YES;
				CLANG_ENABLE_OBJC_ARC = YES;
				CLANG_ENABLE_OBJC_WEAK = YES;
				CLANG_WARN_BLOCK_CAPTURE_AUTORELEASING = YES;
				CLANG_WARN_BOOL_CONVERSION = YES;
				CLANG_WARN_COMMA = YES;
				CLANG_WARN_CONSTANT_CONVERSION = YES;
				CLANG_WARN_DEPRECATED_OBJC_IMPLEMENTATIONS = YES;
				CLANG_WARN_DIRECT_OBJC_ISA_USAGE = YES_ERROR;
				CLANG_WARN_DOCUMENTATION_COMMENTS = YES;
				CLANG_WARN_EMPTY_BODY = YES;
				CLANG_WARN_ENUM_CONVERSION = YES;
				CLANG_WARN_INFINITE_RECURSION = YES;
				CLANG_WARN_INT_CONVERSION = YES;
				CLANG_WARN_NON_LITERAL_NULL_CONVERSION = YES;
				CLANG_WARN_OBJC_IMPLICIT_RETAIN_SELF = YES;
				CLANG_WARN_OBJC_LITERAL_CONVERSION = YES;
				CLANG_WARN_OBJC_ROOT_CLASS = YES_ERROR;
				CLANG_WARN_RANGE_LOOP_ANALYSIS = YES;
				CLANG_WARN_STRICT_PROTOTYPES = YES;
				CLANG_WARN_SUSPICIOUS_MOVE = YES;
				CLANG_WARN_UNGUARDED_AVAILABILITY = YES_AGGRESSIVE;
				CLANG_WARN_UNREACHABLE_CODE = YES;
				CLANG_WARN__DUPLICATE_METHOD_MATCH = YES;
				COPY_PHASE_STRIP = NO;
				DEBUG_INFORMATION_FORMAT = dwarf;
				ENABLE_STRICT_OBJC_MSGSEND = YES;
				ENABLE_TESTABILITY = YES;
				GCC_C_LANGUAGE_STANDARD = gnu11;
				GCC_DYNAMIC_NO_PIC = NO;
				GCC_NO_COMMON_BLOCKS = YES;
				GCC_OPTIMIZATION_LEVEL = 0;
				GCC_PREPROCESSOR_DEFINITIONS = (
					"DEBUG=1",
					"$(inherited)",
				);
				GCC_WARN_64_TO_32_BIT_CONVERSION = YES;
				GCC_WARN_ABOUT_RETURN_TYPE = YES_ERROR;
				GCC_WARN_UNDECLARED_SELECTOR = YES;
				GCC_WARN_UNINITIALIZED_AUTOS = YES_AGGRESSIVE;
				GCC_WARN_UNUSED_FUNCTION = YES;
				GCC_WARN_UNUSED_VARIABLE = YES;
				IPHONEOS_DEPLOYMENT_TARGET = 13.2;
				MTL_ENABLE_DEBUG_INFO = INCLUDE_SOURCE;
				MTL_FAST_MATH = YES;
				ONLY_ACTIVE_ARCH = YES;
				SDKROOT = iphoneos;
				SWIFT_ACTIVE_COMPILATION_CONDITIONS = DEBUG;
				SWIFT_OPTIMIZATION_LEVEL = "-Onone";
			};
			name = Debug;
		};
		BDEDA2C7244BF40D002EADD8 /* Release */ = {
			isa = XCBuildConfiguration;
			buildSettings = {
				ALWAYS_SEARCH_USER_PATHS = NO;
				CLANG_ANALYZER_NONNULL = YES;
				CLANG_ANALYZER_NUMBER_OBJECT_CONVERSION = YES_AGGRESSIVE;
				CLANG_CXX_LANGUAGE_STANDARD = "gnu++14";
				CLANG_CXX_LIBRARY = "libc++";
				CLANG_ENABLE_MODULES = YES;
				CLANG_ENABLE_OBJC_ARC = YES;
				CLANG_ENABLE_OBJC_WEAK = YES;
				CLANG_WARN_BLOCK_CAPTURE_AUTORELEASING = YES;
				CLANG_WARN_BOOL_CONVERSION = YES;
				CLANG_WARN_COMMA = YES;
				CLANG_WARN_CONSTANT_CONVERSION = YES;
				CLANG_WARN_DEPRECATED_OBJC_IMPLEMENTATIONS = YES;
				CLANG_WARN_DIRECT_OBJC_ISA_USAGE = YES_ERROR;
				CLANG_WARN_DOCUMENTATION_COMMENTS = YES;
				CLANG_WARN_EMPTY_BODY = YES;
				CLANG_WARN_ENUM_CONVERSION = YES;
				CLANG_WARN_INFINITE_RECURSION = YES;
				CLANG_WARN_INT_CONVERSION = YES;
				CLANG_WARN_NON_LITERAL_NULL_CONVERSION = YES;
				CLANG_WARN_OBJC_IMPLICIT_RETAIN_SELF = YES;
				CLANG_WARN_OBJC_LITERAL_CONVERSION = YES;
				CLANG_WARN_OBJC_ROOT_CLASS = YES_ERROR;
				CLANG_WARN_RANGE_LOOP_ANALYSIS = YES;
				CLANG_WARN_STRICT_PROTOTYPES = YES;
				CLANG_WARN_SUSPICIOUS_MOVE = YES;
				CLANG_WARN_UNGUARDED_AVAILABILITY = YES_AGGRESSIVE;
				CLANG_WARN_UNREACHABLE_CODE = YES;
				CLANG_WARN__DUPLICATE_METHOD_MATCH = YES;
				COPY_PHASE_STRIP = NO;
				DEBUG_INFORMATION_FORMAT = "dwarf-with-dsym";
				ENABLE_NS_ASSERTIONS = NO;
				ENABLE_STRICT_OBJC_MSGSEND = YES;
				GCC_C_LANGUAGE_STANDARD = gnu11;
				GCC_NO_COMMON_BLOCKS = YES;
				GCC_WARN_64_TO_32_BIT_CONVERSION = YES;
				GCC_WARN_ABOUT_RETURN_TYPE = YES_ERROR;
				GCC_WARN_UNDECLARED_SELECTOR = YES;
				GCC_WARN_UNINITIALIZED_AUTOS = YES_AGGRESSIVE;
				GCC_WARN_UNUSED_FUNCTION = YES;
				GCC_WARN_UNUSED_VARIABLE = YES;
				IPHONEOS_DEPLOYMENT_TARGET = 13.2;
				MTL_ENABLE_DEBUG_INFO = NO;
				MTL_FAST_MATH = YES;
				SDKROOT = iphoneos;
				SWIFT_COMPILATION_MODE = wholemodule;
				SWIFT_OPTIMIZATION_LEVEL = "-O";
				VALIDATE_PRODUCT = YES;
			};
			name = Release;
		};
		BDEDA2C9244BF40D002EADD8 /* Debug */ = {
			isa = XCBuildConfiguration;
			buildSettings = {
				ASSETCATALOG_COMPILER_APPICON_NAME = AppIcon;
				CODE_SIGN_STYLE = Automatic;
				DEVELOPMENT_ASSET_PATHS = "\"YusMuvis/Preview Content\"";
				ENABLE_PREVIEWS = YES;
				INFOPLIST_FILE = YusMuvis/Info.plist;
				LD_RUNPATH_SEARCH_PATHS = (
					"$(inherited)",
					"@executable_path/Frameworks",
				);
				PRODUCT_BUNDLE_IDENTIFIER = wsnjy.YusMuvis;
				PRODUCT_NAME = "$(TARGET_NAME)";
				SWIFT_VERSION = 5.0;
				TARGETED_DEVICE_FAMILY = "1,2";
			};
			name = Debug;
		};
		BDEDA2CA244BF40D002EADD8 /* Release */ = {
			isa = XCBuildConfiguration;
			buildSettings = {
				ASSETCATALOG_COMPILER_APPICON_NAME = AppIcon;
				CODE_SIGN_STYLE = Automatic;
				DEVELOPMENT_ASSET_PATHS = "\"YusMuvis/Preview Content\"";
				ENABLE_PREVIEWS = YES;
				INFOPLIST_FILE = YusMuvis/Info.plist;
				LD_RUNPATH_SEARCH_PATHS = (
					"$(inherited)",
					"@executable_path/Frameworks",
				);
				PRODUCT_BUNDLE_IDENTIFIER = wsnjy.YusMuvis;
				PRODUCT_NAME = "$(TARGET_NAME)";
				SWIFT_VERSION = 5.0;
				TARGETED_DEVICE_FAMILY = "1,2";
			};
			name = Release;
		};
/* End XCBuildConfiguration section */

/* Begin XCConfigurationList section */
		BDEDA2AF244BF40C002EADD8 /* Build configuration list for PBXProject "YusMuvis" */ = {
			isa = XCConfigurationList;
			buildConfigurations = (
				BDEDA2C6244BF40D002EADD8 /* Debug */,
				BDEDA2C7244BF40D002EADD8 /* Release */,
			);
			defaultConfigurationIsVisible = 0;
			defaultConfigurationName = Release;
		};
		BDEDA2C8244BF40D002EADD8 /* Build configuration list for PBXNativeTarget "YusMuvis" */ = {
			isa = XCConfigurationList;
			buildConfigurations = (
				BDEDA2C9244BF40D002EADD8 /* Debug */,
				BDEDA2CA244BF40D002EADD8 /* Release */,
			);
			defaultConfigurationIsVisible = 0;
			defaultConfigurationName = Release;
		};
/* End XCConfigurationList section */
	};
	rootObject = BDEDA2AC244BF40C002EADD8 /* Project object */;
}
